
Microsoft Visual Studio Solution File, Format Version 12.00
# Visual Studio Version 17
VisualStudioVersion = 17.0.31903.59
MinimumVisualStudioVersion = 10.0.40219.1
Project("{FAE04EC0-301F-11D3-BF4B-00C04F79EFBC}") = "azure-functions-sql-bindings-sample", "azure-functions-sql-bindings-sample\azure-functions-sql-bindings-sample.csproj", "{8785D393-CC4F-42EF-91A6-36EFE5E0250C}"
EndProject
Global
	GlobalSection(SolutionConfigurationPlatforms) = preSolution
		Debug|Any CPU = Debug|Any CPU
		Release|Any CPU = Release|Any CPU
	EndGlobalSection
	GlobalSection(ProjectConfigurationPlatforms) = postSolution
		{8785D393-CC4F-42EF-91A6-36EFE5E0250C}.Debug|Any CPU.ActiveCfg = Debug|Any CPU
		{8785D393-CC4F-42EF-91A6-36EFE5E0250C}.Debug|Any CPU.Build.0 = Debug|Any CPU
		{8785D393-CC4F-42EF-91A6-36EFE5E0250C}.Release|Any CPU.ActiveCfg = Release|Any CPU
		{8785D393-CC4F-42EF-91A6-36EFE5E0250C}.Release|Any CPU.Build.0 = Release|Any CPU
	EndGlobalSection
	GlobalSection(SolutionProperties) = preSolution
		HideSolutionNode = FALSE
	EndGlobalSection
	GlobalSection(ExtensibilityGlobals) = postSolution
		SolutionGuid = {B11F7855-C91D-4F85-B7CE-B78E747F2F51}
	EndGlobalSection
EndGlobal
